{
    "_meta": {
        "hash": {
            "sha256": "4e0d6ec58a7dad986e16ea42c39fb9bb7234b500e71e66a6a5a317b4e983669e"
        },
        "pipfile-spec": 6,
        "requires": {
            "python_version": "3.9"
        },
        "sources": [
            {
                "name": "pypi",
                "url": "https://pypi.org/simple",
                "verify_ssl": true
            }
        ]
    },
    "default": {
        "attrs": {
            "hashes": [
                "sha256:2d27e3784d7a565d36ab851fe94887c5eccd6a463168875832a1be79c82828b4",
                "sha256:626ba8234211db98e869df76230a137c4c40a12d72445c45d5f5b716f076e2fd"
            ],
            "markers": "python_version >= '2.7' and python_version not in '3.0, 3.1, 3.2, 3.3, 3.4'",
            "version": "==21.4.0"
        },
        "certifi": {
            "hashes": [
                "sha256:78884e7c1d4b00ce3cea67b44566851c4343c120abd683433ce934a68ea58872",
                "sha256:d62a0163eb4c2344ac042ab2bdf75399a71a2d8c7d47eac2e2ee91b9d6339569"
            ],
            "version": "==2021.10.8"
        },
        "charset-normalizer": {
            "hashes": [
                "sha256:2842d8f5e82a1f6aa437380934d5e1cd4fcf2003b06fed6940769c164a480a45",
                "sha256:98398a9d69ee80548c762ba991a4728bfc3836768ed226b3945908d1a688371c"
            ],
            "markers": "python_version >= '3'",
            "version": "==2.0.11"
        },
        "datadog": {
            "hashes": [
                "sha256:1f2123083d9e1add6f238c62714b76ac2fc134d7d1c435cd82b976487b191b96",
                "sha256:fe82d6c1d74a713371768f1851b004c8df7ec074bae10ad4509036601f84b605"
            ],
            "index": "pypi",
            "version": "==0.43.0"
        },
        "ddtrace": {
            "hashes": [
                "sha256:0122041998448637ec0139d6bc4e8740f9ef607d1119d3866270d16012f573da",
                "sha256:02f4bdb77ff2bf6d88f8192a500b72ac284f588727a7283ba85743b3d297c3ab",
                "sha256:03782cf7db1372eba4d29d755d3c02e68bf557dd9c099ea2ea511d4f188a57b5",
                "sha256:0f78023b6620332044a8b18afb7d55de01294c51bae6e6dd2ad71b5b353aebde",
                "sha256:0f8bde9030d229838603e609b73e92ba0e902ed2cb7fed050cf0ec0fad510237",
                "sha256:1324453b986511d6886610d331aa6ef1497ea2146f0a95b58c8450863ec856bc",
                "sha256:186d58731936c137c4382b1af67c7bbe13b40a010ab240e8dd39e1e72cf93324",
                "sha256:1b16bb5167e734354de4142837c541fb819e3f76f1f742fe63e750ae2dc28c13",
                "sha256:1d72d2caf10d30510aa1de5f4b7f000d4a94dc8bcc1f75aedcc7630448b388d7",
                "sha256:1e1e1f4c88bcb207075dcc138e24e8f6f098a7698868969284ffcfb77340d5fc",
                "sha256:28a7bd415919d413d4721463175eb109d781c9259881f8e44321e47754d62f42",
                "sha256:2bae2031f8741677808ba640901b509901b5ba0174d69b23d8d75ff73a30d609",
                "sha256:318cc8ad47258400815123ec7a8d4f6999d4b03457a900ac0e18714ba52761fa",
                "sha256:372638fb2b832325dbf1243d268c4ef4c1eb66b5f91640abcbd0c63bbb1acb1a",
                "sha256:3994e7f5f6168d9f1a39935962f589141bc4c460d0bda8d609ef047567bf57c6",
                "sha256:3ba07fec75f87bd7713635e5a1fc0ffbda050382403e15303324c1e96c7ee37b",
                "sha256:3d30c7fae36706194f621fe6de76950fde0bb61b74010ab4f625f810f714ec91",
                "sha256:3dc983635a76553e07874272fc5c080b30a87f0fac28e5adc0c00938b6f5cb65",
                "sha256:3e6a218175d5096c45318459b24beb8fe03e31fb258186d0a781462913854e20",
                "sha256:3f93aed8799c7197545b0ffe5d0787625a983436b276a7457d5b2f92b05ed6ed",
                "sha256:420b5e28565e381c94582ae4e6cb4bf063a0208408cc17664667090e8ad9a47c",
                "sha256:51f7fa06746a26a80e3038e815ba67a5c843c54bb8e289e822e8c1d5da0b19e0",
                "sha256:53a53cdb92ca74a2a348cc06b79b4868657eef7a325a1a73cba30e8605936d68",
                "sha256:5d2c74ada7056fec7dd8851f6921a0e7e68387d1e99af9a077cd12310a940e2b",
                "sha256:5e7dd3adcd97261aa09c74137e1a6228b23a1fe149abc2ffe5c96cd2fb0ee46b",
                "sha256:634a8ac50e5ab6087f0e1fae69301e252d8bf650131663df6c02f201aa2cd4dd",
                "sha256:6963179b452a365a767239487ad92c776bc8b33badb4a699eb2d16480d8b7cfa",
                "sha256:6ce593395ecfd289aa38284e964021977c4ff5a325630e7b93707799a8923be7",
                "sha256:7151c9152818bda3c251918479f5349bc01efebdd359d436b8e1479fe568c257",
                "sha256:730a4a4b7db301e4cab7b5fe3bcb8f2e2278774eba8a425b2c48834c991d1d1b",
                "sha256:77071bf9e12694797def61e6e0adcf48af55aa422b6508bc8cc81c24785a7ccc",
                "sha256:78d61a0be8250746d6f8636af79e2de25434267594e85069fe7918695bce47ca",
                "sha256:79593070ef368320ed42b0419ff82a0cb36657e25274bdcd8d9b7d79cbe0e33b",
                "sha256:7974f07737cd04351f05b6ffafa77e333087829f5c0e199f56e1dfe31cd50b30",
                "sha256:7b27f7c28ec329b226a1d4760eab18e3219af4a5d85b72e705e945c8cead3538",
                "sha256:7de07a8e736a3a82073e87afde702d096a2934267c540144057e968333bd1614",
                "sha256:811b5bae44f1f3f85fbb67f05bddf1bbee7ca24c6df202cfea0afffbcd3f8dc0",
                "sha256:83df3f0ee31b0dec8b6b33332002c937f540ce009a7c7f1bd414996bc3a6cba3",
                "sha256:85561550dfda97aee49748e472799d8c2e668c4e75f5cc423bf7033f6e0fbdc8",
                "sha256:916c368e53eb2147c8eb8fe50ad38794247cb67a93e9d36ba3bed5eda76313fd",
                "sha256:9ccd7c77219b54f7fd1cd5bd102644fe0c8725f0d9c8b3f06712409979d9fab0",
                "sha256:a2aeb9a0a3173eba8dbf1e0cb14d8c2695c967d982ff9dba50bfdfccb3c2c5f5",
                "sha256:bac5d152252c3544afdfd3f487561989692189dba12a49c527ccce2dc0ad54fe",
                "sha256:c399b53671292d1f33a9c42ab1706fbed3f7ad575cc9ea2e0ce42176ab88e8ab",
                "sha256:cb030fbac02cec9260d4234c1608283c4d5b2c3c9d894201e7beff61e69a2961",
                "sha256:cf67ba3873b231d34d924c64a533e74be4b87806ebe510dbe7edf29dd920f01d",
                "sha256:d2b580986175ddb0fcec65a920b71dfaf37a8904db4e8e2048235f596c05a665",
                "sha256:d31edd2b1821124d2e419b6a04b8948397beb82843c90e59cb3ce7591b869d13",
                "sha256:da986dd8c05cb048ccb6e7e801d1dc1ee0802a95f39579fb26c99936bbde02b9",
                "sha256:dd78dd0730294b373f53859c6463a035b3940d4a7d70463f445c415d77ab59ce",
                "sha256:ddce9f7055a9e4c00f35b319710ba77754a26361cc67cece77c4f445482e5041",
                "sha256:df9b89812fbab3bbd1f26f43b7eb73fe0b235f4367695ecbe4307f84faeef2f1",
                "sha256:dfda41aa2b469bcd5db6ca7d8a9715e5ff962f73cc29b9baa9ffad65393b353e",
                "sha256:e0e4829c150ce3a0b9ec13efe1992885df84516d19eab9f820ec4b1ad163c483",
                "sha256:e24e81c645a58e242c38d1b415aff54c819f8003ffa320223d67d5961b9ef3f3",
                "sha256:ea72b4d298abf586f98e1727d1cf0637f784a5891b4506111ae1659170bb03e1",
                "sha256:ec3620dcd41b78d1c1564beab2da2695010d03a21b6e102bc25c881386f65e05",
                "sha256:ed54d228f3dd5d2caca125d8f4dc688ab4ee67586fc1a74fb6388fa381ceb450",
                "sha256:fe6e7f2fb1a16085d0c205aeddc70c75480ee9df501c7c4e96297e209562c663"
            ],
            "index": "pypi",
            "version": "==0.57.3"
        },
        "idna": {
            "hashes": [
                "sha256:84d9dd047ffa80596e0f246e2eab0b391788b0503584e8945f2368256d2735ff",
                "sha256:9d643ff0a55b762d5cdb124b8eaa99c66322e2157b69160bc32796e824360e6d"
            ],
            "markers": "python_version >= '3'",
            "version": "==3.3"
        },
        "json-log-formatter": {
            "hashes": [
                "sha256:53246bcc5be5452bd46020326c50556ac6d35be20f00733d7235e0ca90d0c5f1"
            ],
            "index": "pypi",
            "version": "==0.5.1"
        },
        "packaging": {
            "hashes": [
                "sha256:dd47c42927d89ab911e606518907cc2d3a1f38bbd026385970643f9c5b8ecfeb",
                "sha256:ef103e05f519cdc783ae24ea4e2e0f508a9c99b2d4969652eed6a2e1ea5bd522"
            ],
            "markers": "python_version >= '3.6'",
            "version": "==21.3"
        },
        "protobuf": {
            "hashes": [
                "sha256:072fbc78d705d3edc7ccac58a62c4c8e0cec856987da7df8aca86e647be4e35c",
                "sha256:09297b7972da685ce269ec52af761743714996b4381c085205914c41fcab59fb",
                "sha256:16f519de1313f1b7139ad70772e7db515b1420d208cb16c6d7858ea989fc64a9",
                "sha256:1c91ef4110fdd2c590effb5dca8fdbdcb3bf563eece99287019c4204f53d81a4",
                "sha256:3112b58aac3bac9c8be2b60a9daf6b558ca3f7681c130dcdd788ade7c9ffbdca",
                "sha256:36cecbabbda242915529b8ff364f2263cd4de7c46bbe361418b5ed859677ba58",
                "sha256:4276cdec4447bd5015453e41bdc0c0c1234eda08420b7c9a18b8d647add51e4b",
                "sha256:435bb78b37fc386f9275a7035fe4fb1364484e38980d0dd91bc834a02c5ec909",
                "sha256:48ed3877fa43e22bcacc852ca76d4775741f9709dd9575881a373bd3e85e54b2",
                "sha256:54a1473077f3b616779ce31f477351a45b4fef8c9fd7892d6d87e287a38df368",
                "sha256:69da7d39e39942bd52848438462674c463e23963a1fdaa84d88df7fbd7e749b2",
                "sha256:6cbc312be5e71869d9d5ea25147cdf652a6781cf4d906497ca7690b7b9b5df13",
                "sha256:7bb03bc2873a2842e5ebb4801f5c7ff1bfbdf426f85d0172f7644fcda0671ae0",
                "sha256:7ca7da9c339ca8890d66958f5462beabd611eca6c958691a8fe6eccbd1eb0c6e",
                "sha256:835a9c949dc193953c319603b2961c5c8f4327957fe23d914ca80d982665e8ee",
                "sha256:84123274d982b9e248a143dadd1b9815049f4477dc783bf84efe6250eb4b836a",
                "sha256:8961c3a78ebfcd000920c9060a262f082f29838682b1f7201889300c1fbe0616",
                "sha256:96bd766831596d6014ca88d86dc8fe0fb2e428c0b02432fd9db3943202bf8c5e",
                "sha256:9df0c10adf3e83015ced42a9a7bd64e13d06c4cf45c340d2c63020ea04499d0a",
                "sha256:b38057450a0c566cbd04890a40edf916db890f2818e8682221611d78dc32ae26",
                "sha256:bd95d1dfb9c4f4563e6093a9aa19d9c186bf98fa54da5252531cc0d3a07977e7",
                "sha256:c1068287025f8ea025103e37d62ffd63fec8e9e636246b89c341aeda8a67c934",
                "sha256:c438268eebb8cf039552897d78f402d734a404f1360592fef55297285f7f953f",
                "sha256:cdc076c03381f5c1d9bb1abdcc5503d9ca8b53cf0a9d31a9f6754ec9e6c8af0f",
                "sha256:f358aa33e03b7a84e0d91270a4d4d8f5df6921abe99a377828839e8ed0c04e07",
                "sha256:f51d5a9f137f7a2cec2d326a74b6e3fc79d635d69ffe1b036d39fc7d75430d37"
            ],
            "markers": "python_version >= '3.6'",
            "version": "==3.19.4"
        },
        "pyparsing": {
            "hashes": [
                "sha256:18ee9022775d270c55187733956460083db60b37d0d0fb357445f3094eed3eea",
                "sha256:a6c06a88f252e6c322f65faf8f418b16213b51bdfaece0524c1c1bc30c63c484"
            ],
            "markers": "python_version >= '3.6'",
            "version": "==3.0.7"
        },
        "requests": {
            "hashes": [
                "sha256:68d7c56fd5a8999887728ef304a6d12edc7be74f1cfa47714fc8b414525c9a61",
                "sha256:f22fa1e554c9ddfd16e6e41ac79759e17be9e492b3587efa038054674760e72d"
            ],
            "markers": "python_version >= '2.7' and python_version not in '3.0, 3.1, 3.2, 3.3, 3.4, 3.5'",
            "version": "==2.27.1"
        },
        "six": {
            "hashes": [
                "sha256:1e61c37477a1626458e36f7b1d82aa5c9b094fa4802892072e49de9c60c4c926",
                "sha256:8abb2f1d86890a2dfb989f9a77cfcfd3e47c2a354b01111771326f8aa26e0254"
            ],
            "markers": "python_version >= '2.7' and python_version not in '3.0, 3.1, 3.2, 3.3'",
            "version": "==1.16.0"
        },
        "tenacity": {
            "hashes": [
                "sha256:43242a20e3e73291a28bcbcacfd6e000b02d3857a9a9fff56b297a27afdc932f",
                "sha256:f78f4ea81b0fabc06728c11dc2a8c01277bfc5181b321a4770471902e3eb844a"
            ],
            "markers": "python_version >= '3.6'",
            "version": "==8.0.1"
        },
        "urllib3": {
            "hashes": [
                "sha256:000ca7f471a233c2251c6c7023ee85305721bfdf18621ebff4fd17a8653427ed",
                "sha256:0e7c33d9a63e7ddfcb86780aac87befc2fbddf46c58dbb487e0855f7ceec283c"
            ],
            "markers": "python_version >= '2.7' and python_version not in '3.0, 3.1, 3.2, 3.3, 3.4' and python_version < '4'",
            "version": "==1.26.8"
        }
    },
    "develop": {}
}
